# THIS IS AN AUTOGENERATED FILE. DO NOT EDIT THIS FILE DIRECTLY.
# yarn lockfile v1


chrome-types@^0.1.276:
  version "0.1.276"
  resolved "https://registry.yarnpkg.com/chrome-types/-/chrome-types-0.1.276.tgz#3a38bc7054e27a7f25cdfb0971ecbf59544803df"
  integrity sha512-Mp2PzMRlUB6WmrXViAfVGjnvguwFDmRkTOT5dUsuoMRAaOT7duxV7XZnVDpCIISiTkU9jMn9jx7YvIDX2XuKbA==
